
Microsoft Visual Studio Solution File, Format Version 12.00
# Visual Studio Version 16
VisualStudioVersion = 16.0.29424.173
MinimumVisualStudioVersion = 10.0.40219.1
Project("{FAE04EC0-301F-11D3-BF4B-00C04F79EFBC}") = "KleenBio", "KleenBio\KleenBio.csproj", "{1BBB4C6F-FE81-40F3-8116-FA67F713CC77}"
EndProject
Global
	GlobalSection(SolutionConfigurationPlatforms) = preSolution
		Debug|Any CPU = Debug|Any CPU
		Release|Any CPU = Release|Any CPU
	EndGlobalSection
	GlobalSection(ProjectConfigurationPlatforms) = postSolution
		{1BBB4C6F-FE81-40F3-8116-FA67F713CC77}.Debug|Any CPU.ActiveCfg = Debug|Any CPU
		{1BBB4C6F-FE81-40F3-8116-FA67F713CC77}.Debug|Any CPU.Build.0 = Debug|Any CPU
		{1BBB4C6F-FE81-40F3-8116-FA67F713CC77}.Release|Any CPU.ActiveCfg = Release|Any CPU
		{1BBB4C6F-FE81-40F3-8116-FA67F713CC77}.Release|Any CPU.Build.0 = Release|Any CPU
	EndGlobalSection
	GlobalSection(SolutionProperties) = preSolution
		HideSolutionNode = FALSE
	EndGlobalSection
	GlobalSection(ExtensibilityGlobals) = postSolution
		SolutionGuid = {9EDE0FBA-D669-409F-AF62-E89CAAB3E88C}
	EndGlobalSection
EndGlobal
